
Microsoft Visual Studio Solution File, Format Version 12.00
# Visual Studio Version 16
VisualStudioVersion = 25.0.1704.0
MinimumVisualStudioVersion = 10.0.40219.1
Project("{FAE04EC0-301F-11D3-BF4B-00C04F79EFBC}") = "Fields", "Fields\Fields.csproj", "{EEF533CD-CF28-47B0-9DE6-09B84846AB27}"
EndProject
Project("{FAE04EC0-301F-11D3-BF4B-00C04F79EFBC}") = "ClassLibrary1", "ClassLibrary1\ClassLibrary1.csproj", "{DFE74101-4EF7-4039-B04E-6FCF75DFAE1E}"
EndProject
Global
	GlobalSection(SolutionConfigurationPlatforms) = preSolution
		Debug|Any CPU = Debug|Any CPU
		Release|Any CPU = Release|Any CPU
	EndGlobalSection
	GlobalSection(ProjectConfigurationPlatforms) = postSolution
		{EEF533CD-CF28-47B0-9DE6-09B84846AB27}.Debug|Any CPU.ActiveCfg = Debug|Any CPU
		{EEF533CD-CF28-47B0-9DE6-09B84846AB27}.Debug|Any CPU.Build.0 = Debug|Any CPU
		{EEF533CD-CF28-47B0-9DE6-09B84846AB27}.Release|Any CPU.ActiveCfg = Release|Any CPU
		{EEF533CD-CF28-47B0-9DE6-09B84846AB27}.Release|Any CPU.Build.0 = Release|Any CPU
		{DFE74101-4EF7-4039-B04E-6FCF75DFAE1E}.Debug|Any CPU.ActiveCfg = Debug|Any CPU
		{DFE74101-4EF7-4039-B04E-6FCF75DFAE1E}.Debug|Any CPU.Build.0 = Debug|Any CPU
		{DFE74101-4EF7-4039-B04E-6FCF75DFAE1E}.Release|Any CPU.ActiveCfg = Release|Any CPU
		{DFE74101-4EF7-4039-B04E-6FCF75DFAE1E}.Release|Any CPU.Build.0 = Release|Any CPU
	EndGlobalSection
	GlobalSection(SolutionProperties) = preSolution
		HideSolutionNode = FALSE
	EndGlobalSection
	GlobalSection(ExtensibilityGlobals) = postSolution
		SolutionGuid = {CB4E6309-8DBF-49BF-96BE-B91CBD12A6B2}
	EndGlobalSection
EndGlobal
