
Microsoft Visual Studio Solution File, Format Version 12.00
# Visual Studio Version 16
VisualStudioVersion = 25.0.1704.0
MinimumVisualStudioVersion = 10.0.40219.1
Project("{FAE04EC0-301F-11D3-BF4B-00C04F79EFBC}") = "ImplicitCasting", "ImplicitCasting\ImplicitCasting.csproj", "{533E4F95-73A1-40AE-992A-3A4D3E4F614F}"
EndProject
Global
	GlobalSection(SolutionConfigurationPlatforms) = preSolution
		Debug|Any CPU = Debug|Any CPU
		Release|Any CPU = Release|Any CPU
	EndGlobalSection
	GlobalSection(ProjectConfigurationPlatforms) = postSolution
		{533E4F95-73A1-40AE-992A-3A4D3E4F614F}.Debug|Any CPU.ActiveCfg = Debug|Any CPU
		{533E4F95-73A1-40AE-992A-3A4D3E4F614F}.Debug|Any CPU.Build.0 = Debug|Any CPU
		{533E4F95-73A1-40AE-992A-3A4D3E4F614F}.Release|Any CPU.ActiveCfg = Release|Any CPU
		{533E4F95-73A1-40AE-992A-3A4D3E4F614F}.Release|Any CPU.Build.0 = Release|Any CPU
	EndGlobalSection
	GlobalSection(SolutionProperties) = preSolution
		HideSolutionNode = FALSE
	EndGlobalSection
	GlobalSection(ExtensibilityGlobals) = postSolution
		SolutionGuid = {67E05B4C-BD22-4F8D-A0CB-D8889AE1E1A9}
	EndGlobalSection
EndGlobal
