
Microsoft Visual Studio Solution File, Format Version 12.00
# Visual Studio Version 17
VisualStudioVersion = 17.4.33103.184
MinimumVisualStudioVersion = 10.0.40219.1
Project("{FAE04EC0-301F-11D3-BF4B-00C04F79EFBC}") = "Bank.Presentation", "Bank.Presentation\Bank.Presentation.csproj", "{F6A390B3-D2F6-4B94-AFAD-5626A507F4C5}"
EndProject
Global
	GlobalSection(SolutionConfigurationPlatforms) = preSolution
		Debug|Any CPU = Debug|Any CPU
		Release|Any CPU = Release|Any CPU
	EndGlobalSection
	GlobalSection(ProjectConfigurationPlatforms) = postSolution
		{F6A390B3-D2F6-4B94-AFAD-5626A507F4C5}.Debug|Any CPU.ActiveCfg = Debug|Any CPU
		{F6A390B3-D2F6-4B94-AFAD-5626A507F4C5}.Debug|Any CPU.Build.0 = Debug|Any CPU
		{F6A390B3-D2F6-4B94-AFAD-5626A507F4C5}.Release|Any CPU.ActiveCfg = Release|Any CPU
		{F6A390B3-D2F6-4B94-AFAD-5626A507F4C5}.Release|Any CPU.Build.0 = Release|Any CPU
	EndGlobalSection
	GlobalSection(SolutionProperties) = preSolution
		HideSolutionNode = FALSE
	EndGlobalSection
	GlobalSection(ExtensibilityGlobals) = postSolution
		SolutionGuid = {44BDBAD6-F3AD-423E-8362-6672638A236B}
	EndGlobalSection
EndGlobal
