
Microsoft Visual Studio Solution File, Format Version 12.00
# Visual Studio Version 17
VisualStudioVersion = 17.4.33103.184
MinimumVisualStudioVersion = 10.0.40219.1
Project("{FAE04EC0-301F-11D3-BF4B-00C04F79EFBC}") = "PrimitiveType", "PrimitiveType\PrimitiveType.csproj", "{DC886B52-551F-482B-A01B-A9070C26D338}"
EndProject
Global
	GlobalSection(SolutionConfigurationPlatforms) = preSolution
		Debug|Any CPU = Debug|Any CPU
		Release|Any CPU = Release|Any CPU
	EndGlobalSection
	GlobalSection(ProjectConfigurationPlatforms) = postSolution
		{DC886B52-551F-482B-A01B-A9070C26D338}.Debug|Any CPU.ActiveCfg = Debug|Any CPU
		{DC886B52-551F-482B-A01B-A9070C26D338}.Debug|Any CPU.Build.0 = Debug|Any CPU
		{DC886B52-551F-482B-A01B-A9070C26D338}.Release|Any CPU.ActiveCfg = Release|Any CPU
		{DC886B52-551F-482B-A01B-A9070C26D338}.Release|Any CPU.Build.0 = Release|Any CPU
	EndGlobalSection
	GlobalSection(SolutionProperties) = preSolution
		HideSolutionNode = FALSE
	EndGlobalSection
	GlobalSection(ExtensibilityGlobals) = postSolution
		SolutionGuid = {7E51A716-A45A-47E3-821A-E8FE1E4CB360}
	EndGlobalSection
EndGlobal
